lockfileVersion: '9.0'

settings:
  autoInstallPeers: true
  excludeLinksFromLockfile: false

importers:

  .:
    dependencies:
      chart.js:
        specifier: ^4.5.0
        version: 4.5.0

packages:

  '@kurkle/color@0.3.4':
    resolution: {integrity: sha512-M5UknZPHRu3DEDWoipU6sE8PdkZ6Z/S+v4dD+Ke8IaNlpdSQah50lz1KtcFBa2vsdOnwbbnxJwVM4wty6udA5w==}

  chart.js@4.5.0:
    resolution: {integrity: sha512-aYeC/jDgSEx8SHWZvANYMioYMZ2KX02W6f6uVfyteuCGcadDLcYVHdfdygsTQkQ4TKn5lghoojAsPj5pu0SnvQ==}
    engines: {pnpm: '>=8'}

snapshots:

  '@kurkle/color@0.3.4': {}

  chart.js@4.5.0:
    dependencies:
      '@kurkle/color': 0.3.4
